
Microsoft Visual Studio Solution File, Format Version 12.00
Project("{F2A71F9B-5D33-465A-A702-920D77279786}") = "Day1", "Day1\Day1.fsproj", "{1C3E4CC8-5103-4D84-A45D-C47E1E74DB01}"
EndProject
Project("{F2A71F9B-5D33-465A-A702-920D77279786}") = "Common", "Common\Common.fsproj", "{35AB22DE-88EF-4468-A557-7B6F3FE65072}"
EndProject
Project("{F2A71F9B-5D33-465A-A702-920D77279786}") = "Day2", "Day2\Day2.fsproj", "{C355B9E2-375B-4423-8BCD-89AA9109E5FF}"
EndProject
Project("{F2A71F9B-5D33-465A-A702-920D77279786}") = "Day3", "Day3\Day3.fsproj", "{312EC94E-D3FA-46DE-9AE9-0AE5FB2D5CCF}"
EndProject
Project("{F2A71F9B-5D33-465A-A702-920D77279786}") = "Day4", "Day4\Day4.fsproj", "{B69A1673-BC68-466B-BEFA-6A03B14DED5B}"
EndProject
Global
	GlobalSection(SolutionConfigurationPlatforms) = preSolution
		Debug|Any CPU = Debug|Any CPU
		Release|Any CPU = Release|Any CPU
	EndGlobalSection
	GlobalSection(ProjectConfigurationPlatforms) = postSolution
		{1C3E4CC8-5103-4D84-A45D-C47E1E74DB01}.Debug|Any CPU.ActiveCfg = Debug|Any CPU
		{1C3E4CC8-5103-4D84-A45D-C47E1E74DB01}.Debug|Any CPU.Build.0 = Debug|Any CPU
		{1C3E4CC8-5103-4D84-A45D-C47E1E74DB01}.Release|Any CPU.ActiveCfg = Release|Any CPU
		{1C3E4CC8-5103-4D84-A45D-C47E1E74DB01}.Release|Any CPU.Build.0 = Release|Any CPU
		{35AB22DE-88EF-4468-A557-7B6F3FE65072}.Debug|Any CPU.ActiveCfg = Debug|Any CPU
		{35AB22DE-88EF-4468-A557-7B6F3FE65072}.Debug|Any CPU.Build.0 = Debug|Any CPU
		{35AB22DE-88EF-4468-A557-7B6F3FE65072}.Release|Any CPU.ActiveCfg = Release|Any CPU
		{35AB22DE-88EF-4468-A557-7B6F3FE65072}.Release|Any CPU.Build.0 = Release|Any CPU
		{C355B9E2-375B-4423-8BCD-89AA9109E5FF}.Debug|Any CPU.ActiveCfg = Debug|Any CPU
		{C355B9E2-375B-4423-8BCD-89AA9109E5FF}.Debug|Any CPU.Build.0 = Debug|Any CPU
		{C355B9E2-375B-4423-8BCD-89AA9109E5FF}.Release|Any CPU.ActiveCfg = Release|Any CPU
		{C355B9E2-375B-4423-8BCD-89AA9109E5FF}.Release|Any CPU.Build.0 = Release|Any CPU
		{312EC94E-D3FA-46DE-9AE9-0AE5FB2D5CCF}.Debug|Any CPU.ActiveCfg = Debug|Any CPU
		{312EC94E-D3FA-46DE-9AE9-0AE5FB2D5CCF}.Debug|Any CPU.Build.0 = Debug|Any CPU
		{312EC94E-D3FA-46DE-9AE9-0AE5FB2D5CCF}.Release|Any CPU.ActiveCfg = Release|Any CPU
		{312EC94E-D3FA-46DE-9AE9-0AE5FB2D5CCF}.Release|Any CPU.Build.0 = Release|Any CPU
		{B69A1673-BC68-466B-BEFA-6A03B14DED5B}.Debug|Any CPU.ActiveCfg = Debug|Any CPU
		{B69A1673-BC68-466B-BEFA-6A03B14DED5B}.Debug|Any CPU.Build.0 = Debug|Any CPU
		{B69A1673-BC68-466B-BEFA-6A03B14DED5B}.Release|Any CPU.ActiveCfg = Release|Any CPU
		{B69A1673-BC68-466B-BEFA-6A03B14DED5B}.Release|Any CPU.Build.0 = Release|Any CPU
	EndGlobalSection
EndGlobal
