
Microsoft Visual Studio Solution File, Format Version 12.00
Project("{F2A71F9B-5D33-465A-A702-920D77279786}") = "Day01", "Day01\Day01.fsproj", "{1C3E4CC8-5103-4D84-A45D-C47E1E74DB01}"
EndProject
Project("{F2A71F9B-5D33-465A-A702-920D77279786}") = "Common", "Common\Common.fsproj", "{35AB22DE-88EF-4468-A557-7B6F3FE65072}"
EndProject
Project("{F2A71F9B-5D33-465A-A702-920D77279786}") = "Day02", "Day02\Day02.fsproj", "{C355B9E2-375B-4423-8BCD-89AA9109E5FF}"
EndProject
Project("{F2A71F9B-5D33-465A-A702-920D77279786}") = "Day03", "Day03\Day03.fsproj", "{312EC94E-D3FA-46DE-9AE9-0AE5FB2D5CCF}"
EndProject
Project("{F2A71F9B-5D33-465A-A702-920D77279786}") = "Day04", "Day04\Day04.fsproj", "{B69A1673-BC68-466B-BEFA-6A03B14DED5B}"
EndProject
Project("{F2A71F9B-5D33-465A-A702-920D77279786}") = "Day05", "Day05\Day05.fsproj", "{C7D1BF36-FB9A-49DF-8A4D-98567159E39F}"
EndProject
Project("{F2A71F9B-5D33-465A-A702-920D77279786}") = "Day06", "Day06\Day06.fsproj", "{B9513393-D5C2-440C-A321-6CA498656CF4}"
EndProject
Project("{F2A71F9B-5D33-465A-A702-920D77279786}") = "Day07", "Day07\Day07.fsproj", "{9716F7B9-09B4-426F-BFE1-F862A899A6B5}"
EndProject
Project("{F2A71F9B-5D33-465A-A702-920D77279786}") = "Day08", "Day08\Day08.fsproj", "{52986844-9FD7-489B-B9F3-85426BFBFCCE}"
EndProject
Project("{F2A71F9B-5D33-465A-A702-920D77279786}") = "Day09", "Day09\Day09.fsproj", "{0E0968DA-524E-4C00-A866-98950FD8E22E}"
EndProject
Project("{F2A71F9B-5D33-465A-A702-920D77279786}") = "Day10", "Day10\Day10.fsproj", "{BCE9ACC8-497B-4C50-99EA-1CCD0D58B828}"
EndProject
Project("{F2A71F9B-5D33-465A-A702-920D77279786}") = "Day11", "Day11\Day11.fsproj", "{997FEB37-3DFF-4CB3-B864-855A235471EF}"
EndProject
Project("{F2A71F9B-5D33-465A-A702-920D77279786}") = "Day12", "Day12\Day12.fsproj", "{2A8030CC-4743-4DAD-9F46-D51839FF9E26}"
EndProject
Global
	GlobalSection(SolutionConfigurationPlatforms) = preSolution
		Debug|Any CPU = Debug|Any CPU
		Release|Any CPU = Release|Any CPU
	EndGlobalSection
	GlobalSection(ProjectConfigurationPlatforms) = postSolution
		{1C3E4CC8-5103-4D84-A45D-C47E1E74DB01}.Debug|Any CPU.ActiveCfg = Debug|Any CPU
		{1C3E4CC8-5103-4D84-A45D-C47E1E74DB01}.Debug|Any CPU.Build.0 = Debug|Any CPU
		{1C3E4CC8-5103-4D84-A45D-C47E1E74DB01}.Release|Any CPU.ActiveCfg = Release|Any CPU
		{1C3E4CC8-5103-4D84-A45D-C47E1E74DB01}.Release|Any CPU.Build.0 = Release|Any CPU
		{35AB22DE-88EF-4468-A557-7B6F3FE65072}.Debug|Any CPU.ActiveCfg = Debug|Any CPU
		{35AB22DE-88EF-4468-A557-7B6F3FE65072}.Debug|Any CPU.Build.0 = Debug|Any CPU
		{35AB22DE-88EF-4468-A557-7B6F3FE65072}.Release|Any CPU.ActiveCfg = Release|Any CPU
		{35AB22DE-88EF-4468-A557-7B6F3FE65072}.Release|Any CPU.Build.0 = Release|Any CPU
		{C355B9E2-375B-4423-8BCD-89AA9109E5FF}.Debug|Any CPU.ActiveCfg = Debug|Any CPU
		{C355B9E2-375B-4423-8BCD-89AA9109E5FF}.Debug|Any CPU.Build.0 = Debug|Any CPU
		{C355B9E2-375B-4423-8BCD-89AA9109E5FF}.Release|Any CPU.ActiveCfg = Release|Any CPU
		{C355B9E2-375B-4423-8BCD-89AA9109E5FF}.Release|Any CPU.Build.0 = Release|Any CPU
		{312EC94E-D3FA-46DE-9AE9-0AE5FB2D5CCF}.Debug|Any CPU.ActiveCfg = Debug|Any CPU
		{312EC94E-D3FA-46DE-9AE9-0AE5FB2D5CCF}.Debug|Any CPU.Build.0 = Debug|Any CPU
		{312EC94E-D3FA-46DE-9AE9-0AE5FB2D5CCF}.Release|Any CPU.ActiveCfg = Release|Any CPU
		{312EC94E-D3FA-46DE-9AE9-0AE5FB2D5CCF}.Release|Any CPU.Build.0 = Release|Any CPU
		{B69A1673-BC68-466B-BEFA-6A03B14DED5B}.Debug|Any CPU.ActiveCfg = Debug|Any CPU
		{B69A1673-BC68-466B-BEFA-6A03B14DED5B}.Debug|Any CPU.Build.0 = Debug|Any CPU
		{B69A1673-BC68-466B-BEFA-6A03B14DED5B}.Release|Any CPU.ActiveCfg = Release|Any CPU
		{B69A1673-BC68-466B-BEFA-6A03B14DED5B}.Release|Any CPU.Build.0 = Release|Any CPU
		{C7D1BF36-FB9A-49DF-8A4D-98567159E39F}.Debug|Any CPU.ActiveCfg = Debug|Any CPU
		{C7D1BF36-FB9A-49DF-8A4D-98567159E39F}.Debug|Any CPU.Build.0 = Debug|Any CPU
		{C7D1BF36-FB9A-49DF-8A4D-98567159E39F}.Release|Any CPU.ActiveCfg = Release|Any CPU
		{C7D1BF36-FB9A-49DF-8A4D-98567159E39F}.Release|Any CPU.Build.0 = Release|Any CPU
		{B9513393-D5C2-440C-A321-6CA498656CF4}.Debug|Any CPU.ActiveCfg = Debug|Any CPU
		{B9513393-D5C2-440C-A321-6CA498656CF4}.Debug|Any CPU.Build.0 = Debug|Any CPU
		{B9513393-D5C2-440C-A321-6CA498656CF4}.Release|Any CPU.ActiveCfg = Release|Any CPU
		{B9513393-D5C2-440C-A321-6CA498656CF4}.Release|Any CPU.Build.0 = Release|Any CPU
		{9716F7B9-09B4-426F-BFE1-F862A899A6B5}.Debug|Any CPU.ActiveCfg = Debug|Any CPU
		{9716F7B9-09B4-426F-BFE1-F862A899A6B5}.Debug|Any CPU.Build.0 = Debug|Any CPU
		{9716F7B9-09B4-426F-BFE1-F862A899A6B5}.Release|Any CPU.ActiveCfg = Release|Any CPU
		{9716F7B9-09B4-426F-BFE1-F862A899A6B5}.Release|Any CPU.Build.0 = Release|Any CPU
		{52986844-9FD7-489B-B9F3-85426BFBFCCE}.Debug|Any CPU.ActiveCfg = Debug|Any CPU
		{52986844-9FD7-489B-B9F3-85426BFBFCCE}.Debug|Any CPU.Build.0 = Debug|Any CPU
		{52986844-9FD7-489B-B9F3-85426BFBFCCE}.Release|Any CPU.ActiveCfg = Release|Any CPU
		{52986844-9FD7-489B-B9F3-85426BFBFCCE}.Release|Any CPU.Build.0 = Release|Any CPU
		{0E0968DA-524E-4C00-A866-98950FD8E22E}.Debug|Any CPU.ActiveCfg = Debug|Any CPU
		{0E0968DA-524E-4C00-A866-98950FD8E22E}.Debug|Any CPU.Build.0 = Debug|Any CPU
		{0E0968DA-524E-4C00-A866-98950FD8E22E}.Release|Any CPU.ActiveCfg = Release|Any CPU
		{0E0968DA-524E-4C00-A866-98950FD8E22E}.Release|Any CPU.Build.0 = Release|Any CPU
		{BCE9ACC8-497B-4C50-99EA-1CCD0D58B828}.Debug|Any CPU.ActiveCfg = Debug|Any CPU
		{BCE9ACC8-497B-4C50-99EA-1CCD0D58B828}.Debug|Any CPU.Build.0 = Debug|Any CPU
		{BCE9ACC8-497B-4C50-99EA-1CCD0D58B828}.Release|Any CPU.ActiveCfg = Release|Any CPU
		{BCE9ACC8-497B-4C50-99EA-1CCD0D58B828}.Release|Any CPU.Build.0 = Release|Any CPU
		{997FEB37-3DFF-4CB3-B864-855A235471EF}.Debug|Any CPU.ActiveCfg = Debug|Any CPU
		{997FEB37-3DFF-4CB3-B864-855A235471EF}.Debug|Any CPU.Build.0 = Debug|Any CPU
		{997FEB37-3DFF-4CB3-B864-855A235471EF}.Release|Any CPU.ActiveCfg = Release|Any CPU
		{997FEB37-3DFF-4CB3-B864-855A235471EF}.Release|Any CPU.Build.0 = Release|Any CPU
		{2A8030CC-4743-4DAD-9F46-D51839FF9E26}.Debug|Any CPU.ActiveCfg = Debug|Any CPU
		{2A8030CC-4743-4DAD-9F46-D51839FF9E26}.Debug|Any CPU.Build.0 = Debug|Any CPU
		{2A8030CC-4743-4DAD-9F46-D51839FF9E26}.Release|Any CPU.ActiveCfg = Release|Any CPU
		{2A8030CC-4743-4DAD-9F46-D51839FF9E26}.Release|Any CPU.Build.0 = Release|Any CPU
	EndGlobalSection
EndGlobal
